
Microsoft Visual Studio Solution File, Format Version 12.00
Project("{FAE04EC0-301F-11D3-BF4B-00C04F79EFBC}") = "Program", "Program\Program.csproj", "{6894ECA6-E6BD-49A7-9161-0C6BE01E8512}"
EndProject
Project("{FAE04EC0-301F-11D3-BF4B-00C04F79EFBC}") = "ChapterArraysStrings", "ChapterArraysStrings\ChapterArraysStrings.csproj", "{47AE70D3-F170-45D2-B92D-B066126BFC0A}"
EndProject
Global
	GlobalSection(SolutionConfigurationPlatforms) = preSolution
		Debug|Any CPU = Debug|Any CPU
		Release|Any CPU = Release|Any CPU
	EndGlobalSection
	GlobalSection(ProjectConfigurationPlatforms) = postSolution
		{6894ECA6-E6BD-49A7-9161-0C6BE01E8512}.Debug|Any CPU.ActiveCfg = Debug|Any CPU
		{6894ECA6-E6BD-49A7-9161-0C6BE01E8512}.Debug|Any CPU.Build.0 = Debug|Any CPU
		{6894ECA6-E6BD-49A7-9161-0C6BE01E8512}.Release|Any CPU.ActiveCfg = Release|Any CPU
		{6894ECA6-E6BD-49A7-9161-0C6BE01E8512}.Release|Any CPU.Build.0 = Release|Any CPU
		{47AE70D3-F170-45D2-B92D-B066126BFC0A}.Debug|Any CPU.ActiveCfg = Debug|Any CPU
		{47AE70D3-F170-45D2-B92D-B066126BFC0A}.Debug|Any CPU.Build.0 = Debug|Any CPU
		{47AE70D3-F170-45D2-B92D-B066126BFC0A}.Release|Any CPU.ActiveCfg = Release|Any CPU
		{47AE70D3-F170-45D2-B92D-B066126BFC0A}.Release|Any CPU.Build.0 = Release|Any CPU
	EndGlobalSection
EndGlobal
